
Microsoft Visual Studio Solution File, Format Version 12.00
# Visual Studio Version 17
VisualStudioVersion = 17.1.32328.378
MinimumVisualStudioVersion = 10.0.40219.1
Project("{FAE04EC0-301F-11D3-BF4B-00C04F79EFBC}") = "WindowsFormsApp9", "WindowsFormsApp9\WindowsFormsApp9.csproj", "{B3662258-F41E-4BF6-BC1F-8BBDE01AAF68}"
EndProject
Global
	GlobalSection(SolutionConfigurationPlatforms) = preSolution
		Debug|Any CPU = Debug|Any CPU
		Release|Any CPU = Release|Any CPU
	EndGlobalSection
	GlobalSection(ProjectConfigurationPlatforms) = postSolution
		{B3662258-F41E-4BF6-BC1F-8BBDE01AAF68}.Debug|Any CPU.ActiveCfg = Debug|Any CPU
		{B3662258-F41E-4BF6-BC1F-8BBDE01AAF68}.Debug|Any CPU.Build.0 = Debug|Any CPU
		{B3662258-F41E-4BF6-BC1F-8BBDE01AAF68}.Release|Any CPU.ActiveCfg = Release|Any CPU
		{B3662258-F41E-4BF6-BC1F-8BBDE01AAF68}.Release|Any CPU.Build.0 = Release|Any CPU
	EndGlobalSection
	GlobalSection(SolutionProperties) = preSolution
		HideSolutionNode = FALSE
	EndGlobalSection
	GlobalSection(ExtensibilityGlobals) = postSolution
		SolutionGuid = {DDFABBB8-6279-4DDC-A6AC-8231602CA639}
	EndGlobalSection
EndGlobal
